
Microsoft Visual Studio Solution File, Format Version 12.00
# Visual Studio Version 17
VisualStudioVersion = 17.6.33829.357
MinimumVisualStudioVersion = 10.0.40219.1
Project("{FAE04EC0-301F-11D3-BF4B-00C04F79EFBC}") = "FibonacciTriangle", "FibonacciTriangle\FibonacciTriangle.csproj", "{BE6B3F14-6017-4DE1-96F5-A1B84FABDC6E}"
EndProject
Global
	GlobalSection(SolutionConfigurationPlatforms) = preSolution
		Debug|Any CPU = Debug|Any CPU
		Release|Any CPU = Release|Any CPU
	EndGlobalSection
	GlobalSection(ProjectConfigurationPlatforms) = postSolution
		{BE6B3F14-6017-4DE1-96F5-A1B84FABDC6E}.Debug|Any CPU.ActiveCfg = Debug|Any CPU
		{BE6B3F14-6017-4DE1-96F5-A1B84FABDC6E}.Debug|Any CPU.Build.0 = Debug|Any CPU
		{BE6B3F14-6017-4DE1-96F5-A1B84FABDC6E}.Release|Any CPU.ActiveCfg = Release|Any CPU
		{BE6B3F14-6017-4DE1-96F5-A1B84FABDC6E}.Release|Any CPU.Build.0 = Release|Any CPU
	EndGlobalSection
	GlobalSection(SolutionProperties) = preSolution
		HideSolutionNode = FALSE
	EndGlobalSection
	GlobalSection(ExtensibilityGlobals) = postSolution
		SolutionGuid = {4FE5806E-8C93-42E5-80C9-4E105E9B0518}
	EndGlobalSection
EndGlobal
