
Microsoft Visual Studio Solution File, Format Version 12.00
# Visual Studio Version 17
VisualStudioVersion = 17.4.33403.182
MinimumVisualStudioVersion = 10.0.40219.1
Project("{FAE04EC0-301F-11D3-BF4B-00C04F79EFBC}") = "VotingForPresidente", "VotingForPresidente\VotingForPresidente.csproj", "{0A57A4F5-6830-405E-9D55-D107ADDD1B8E}"
EndProject
Global
	GlobalSection(SolutionConfigurationPlatforms) = preSolution
		Debug|Any CPU = Debug|Any CPU
		Release|Any CPU = Release|Any CPU
	EndGlobalSection
	GlobalSection(ProjectConfigurationPlatforms) = postSolution
		{0A57A4F5-6830-405E-9D55-D107ADDD1B8E}.Debug|Any CPU.ActiveCfg = Debug|Any CPU
		{0A57A4F5-6830-405E-9D55-D107ADDD1B8E}.Debug|Any CPU.Build.0 = Debug|Any CPU
		{0A57A4F5-6830-405E-9D55-D107ADDD1B8E}.Release|Any CPU.ActiveCfg = Release|Any CPU
		{0A57A4F5-6830-405E-9D55-D107ADDD1B8E}.Release|Any CPU.Build.0 = Release|Any CPU
	EndGlobalSection
	GlobalSection(SolutionProperties) = preSolution
		HideSolutionNode = FALSE
	EndGlobalSection
	GlobalSection(ExtensibilityGlobals) = postSolution
		SolutionGuid = {7FB2164F-E1D5-4C32-BD57-4682E99F7DCC}
	EndGlobalSection
EndGlobal
