
Microsoft Visual Studio Solution File, Format Version 12.00
# Visual Studio Version 17
VisualStudioVersion = 17.6.33829.357
MinimumVisualStudioVersion = 10.0.40219.1
Project("{FAE04EC0-301F-11D3-BF4B-00C04F79EFBC}") = "CalculateFibonacci", "CalculateFibonacci\CalculateFibonacci.csproj", "{DC12A47B-1482-41B5-B629-D4778A938B5B}"
EndProject
Global
	GlobalSection(SolutionConfigurationPlatforms) = preSolution
		Debug|Any CPU = Debug|Any CPU
		Release|Any CPU = Release|Any CPU
	EndGlobalSection
	GlobalSection(ProjectConfigurationPlatforms) = postSolution
		{DC12A47B-1482-41B5-B629-D4778A938B5B}.Debug|Any CPU.ActiveCfg = Debug|Any CPU
		{DC12A47B-1482-41B5-B629-D4778A938B5B}.Debug|Any CPU.Build.0 = Debug|Any CPU
		{DC12A47B-1482-41B5-B629-D4778A938B5B}.Release|Any CPU.ActiveCfg = Release|Any CPU
		{DC12A47B-1482-41B5-B629-D4778A938B5B}.Release|Any CPU.Build.0 = Release|Any CPU
	EndGlobalSection
	GlobalSection(SolutionProperties) = preSolution
		HideSolutionNode = FALSE
	EndGlobalSection
	GlobalSection(ExtensibilityGlobals) = postSolution
		SolutionGuid = {52BEED5B-EDD1-42FA-8DFF-28F4FE441A0C}
	EndGlobalSection
EndGlobal
