
Microsoft Visual Studio Solution File, Format Version 12.00
# Visual Studio Version 17
VisualStudioVersion = 17.6.33829.357
MinimumVisualStudioVersion = 10.0.40219.1
Project("{FAE04EC0-301F-11D3-BF4B-00C04F79EFBC}") = "CalculateTip", "CalculateTip\CalculateTip.csproj", "{9B08912D-B167-4DCC-A68E-E476EEF310CF}"
EndProject
Global
	GlobalSection(SolutionConfigurationPlatforms) = preSolution
		Debug|Any CPU = Debug|Any CPU
		Release|Any CPU = Release|Any CPU
	EndGlobalSection
	GlobalSection(ProjectConfigurationPlatforms) = postSolution
		{9B08912D-B167-4DCC-A68E-E476EEF310CF}.Debug|Any CPU.ActiveCfg = Debug|Any CPU
		{9B08912D-B167-4DCC-A68E-E476EEF310CF}.Debug|Any CPU.Build.0 = Debug|Any CPU
		{9B08912D-B167-4DCC-A68E-E476EEF310CF}.Release|Any CPU.ActiveCfg = Release|Any CPU
		{9B08912D-B167-4DCC-A68E-E476EEF310CF}.Release|Any CPU.Build.0 = Release|Any CPU
	EndGlobalSection
	GlobalSection(SolutionProperties) = preSolution
		HideSolutionNode = FALSE
	EndGlobalSection
	GlobalSection(ExtensibilityGlobals) = postSolution
		SolutionGuid = {623BA429-7DA8-41EB-AA40-CF232CDCD2DE}
	EndGlobalSection
EndGlobal
