
Microsoft Visual Studio Solution File, Format Version 12.00
# Visual Studio Version 17
VisualStudioVersion = 17.4.33403.182
MinimumVisualStudioVersion = 10.0.40219.1
Project("{FAE04EC0-301F-11D3-BF4B-00C04F79EFBC}") = "Factoriel", "Factoriel\Factoriel.csproj", "{B8CB89B9-2EFC-4133-9F2E-F80329839140}"
EndProject
Global
	GlobalSection(SolutionConfigurationPlatforms) = preSolution
		Debug|Any CPU = Debug|Any CPU
		Release|Any CPU = Release|Any CPU
	EndGlobalSection
	GlobalSection(ProjectConfigurationPlatforms) = postSolution
		{B8CB89B9-2EFC-4133-9F2E-F80329839140}.Debug|Any CPU.ActiveCfg = Debug|Any CPU
		{B8CB89B9-2EFC-4133-9F2E-F80329839140}.Debug|Any CPU.Build.0 = Debug|Any CPU
		{B8CB89B9-2EFC-4133-9F2E-F80329839140}.Release|Any CPU.ActiveCfg = Release|Any CPU
		{B8CB89B9-2EFC-4133-9F2E-F80329839140}.Release|Any CPU.Build.0 = Release|Any CPU
	EndGlobalSection
	GlobalSection(SolutionProperties) = preSolution
		HideSolutionNode = FALSE
	EndGlobalSection
	GlobalSection(ExtensibilityGlobals) = postSolution
		SolutionGuid = {33563DEF-B878-4D45-94D8-753B38D3A3A1}
	EndGlobalSection
EndGlobal
