
Microsoft Visual Studio Solution File, Format Version 12.00
# Visual Studio Version 17
VisualStudioVersion = 17.6.33829.357
MinimumVisualStudioVersion = 10.0.40219.1
Project("{FAE04EC0-301F-11D3-BF4B-00C04F79EFBC}") = "AlphabetSoup", "AlphabetSoup\AlphabetSoup.csproj", "{08E7C0B5-8ED7-4C1A-B42C-29E55200AC8B}"
EndProject
Global
	GlobalSection(SolutionConfigurationPlatforms) = preSolution
		Debug|Any CPU = Debug|Any CPU
		Release|Any CPU = Release|Any CPU
	EndGlobalSection
	GlobalSection(ProjectConfigurationPlatforms) = postSolution
		{08E7C0B5-8ED7-4C1A-B42C-29E55200AC8B}.Debug|Any CPU.ActiveCfg = Debug|Any CPU
		{08E7C0B5-8ED7-4C1A-B42C-29E55200AC8B}.Debug|Any CPU.Build.0 = Debug|Any CPU
		{08E7C0B5-8ED7-4C1A-B42C-29E55200AC8B}.Release|Any CPU.ActiveCfg = Release|Any CPU
		{08E7C0B5-8ED7-4C1A-B42C-29E55200AC8B}.Release|Any CPU.Build.0 = Release|Any CPU
	EndGlobalSection
	GlobalSection(SolutionProperties) = preSolution
		HideSolutionNode = FALSE
	EndGlobalSection
	GlobalSection(ExtensibilityGlobals) = postSolution
		SolutionGuid = {4E4F2C91-6063-4F95-B014-AB6F37C9544A}
	EndGlobalSection
EndGlobal
